
Microsoft Visual Studio Solution File, Format Version 12.00
# Visual Studio Version 16
VisualStudioVersion = 16.0.30114.105
MinimumVisualStudioVersion = 10.0.40219.1
Project("{8BC9CEB8-8B4A-11D0-8D11-00A0C91BC942}") = "Обработка исключений", "Обработка исключений\Обработка исключений.vcxproj", "{E10CC9E7-FECE-4D2E-81D0-191D01881E3D}"
EndProject
Global
	GlobalSection(SolutionConfigurationPlatforms) = preSolution
		Debug|x64 = Debug|x64
		Debug|x86 = Debug|x86
		Release|x64 = Release|x64
		Release|x86 = Release|x86
	EndGlobalSection
	GlobalSection(ProjectConfigurationPlatforms) = postSolution
		{E10CC9E7-FECE-4D2E-81D0-191D01881E3D}.Debug|x64.ActiveCfg = Debug|x64
		{E10CC9E7-FECE-4D2E-81D0-191D01881E3D}.Debug|x64.Build.0 = Debug|x64
		{E10CC9E7-FECE-4D2E-81D0-191D01881E3D}.Debug|x86.ActiveCfg = Debug|Win32
		{E10CC9E7-FECE-4D2E-81D0-191D01881E3D}.Debug|x86.Build.0 = Debug|Win32
		{E10CC9E7-FECE-4D2E-81D0-191D01881E3D}.Release|x64.ActiveCfg = Release|x64
		{E10CC9E7-FECE-4D2E-81D0-191D01881E3D}.Release|x64.Build.0 = Release|x64
		{E10CC9E7-FECE-4D2E-81D0-191D01881E3D}.Release|x86.ActiveCfg = Release|Win32
		{E10CC9E7-FECE-4D2E-81D0-191D01881E3D}.Release|x86.Build.0 = Release|Win32
	EndGlobalSection
	GlobalSection(SolutionProperties) = preSolution
		HideSolutionNode = FALSE
	EndGlobalSection
	GlobalSection(ExtensibilityGlobals) = postSolution
		SolutionGuid = {FCD649B7-FEF8-450D-8D2B-F18128CEFEB0}
	EndGlobalSection
EndGlobal
